
Microsoft Visual Studio Solution File, Format Version 12.00
# Visual Studio Version 17
VisualStudioVersion = 17.7.34031.279
MinimumVisualStudioVersion = 10.0.40219.1
Project("{FAE04EC0-301F-11D3-BF4B-00C04F79EFBC}") = "LfdMusic", "LfdMusic.csproj", "{ECF70339-6316-4D81-AEAD-DF2998D832DF}"
EndProject
Global
	GlobalSection(SolutionConfigurationPlatforms) = preSolution
		Debug|Any CPU = Debug|Any CPU
		Release|Any CPU = Release|Any CPU
	EndGlobalSection
	GlobalSection(ProjectConfigurationPlatforms) = postSolution
		{ECF70339-6316-4D81-AEAD-DF2998D832DF}.Debug|Any CPU.ActiveCfg = Debug|Any CPU
		{ECF70339-6316-4D81-AEAD-DF2998D832DF}.Debug|Any CPU.Build.0 = Debug|Any CPU
		{ECF70339-6316-4D81-AEAD-DF2998D832DF}.Release|Any CPU.ActiveCfg = Release|Any CPU
		{ECF70339-6316-4D81-AEAD-DF2998D832DF}.Release|Any CPU.Build.0 = Release|Any CPU
	EndGlobalSection
	GlobalSection(SolutionProperties) = preSolution
		HideSolutionNode = FALSE
	EndGlobalSection
	GlobalSection(ExtensibilityGlobals) = postSolution
		SolutionGuid = {2DDD82F3-FA09-45AF-8B03-CBB3A6A6B2A2}
	EndGlobalSection
EndGlobal
